// !$*UTF8*$!
{
	archiveVersion = 1;
	classes = {
	};
	objectVersion = 50;
	objects = {

/* Begin PBXBuildFile section */
		1396C2692593D798007442C1 /* LoggingApp.swift in Sources */ = {isa = PBXBuildFile; fileRef = 1396C2682593D798007442C1 /* LoggingApp.swift */; };
		1396C26B2593D798007442C1 /* ContentView.swift in Sources */ = {isa = PBXBuildFile; fileRef = 1396C26A2593D798007442C1 /* ContentView.swift */; };
		1396C26D2593D79A007442C1 /* Assets.xcassets in Resources */ = {isa = PBXBuildFile; fileRef = 1396C26C2593D79A007442C1 /* Assets.xcassets */; };
		1396C2702593D79A007442C1 /* Preview Assets.xcassets in Resources */ = {isa = PBXBuildFile; fileRef = 1396C26F2593D79A007442C1 /* Preview Assets.xcassets */; };
		1396C2722593D79A007442C1 /* Persistence.swift in Sources */ = {isa = PBXBuildFile; fileRef = 1396C2712593D79A007442C1 /* Persistence.swift */; };
		1396C2752593D79A007442C1 /* Logging.xcdatamodeld in Sources */ = {isa = PBXBuildFile; fileRef = 1396C2732593D79A007442C1 /* Logging.xcdatamodeld */; };
		1396C2822593D8F0007442C1 /* MainView.swift in Sources */ = {isa = PBXBuildFile; fileRef = 1396C2812593D8F0007442C1 /* MainView.swift */; };
		1396C2862593D9A0007442C1 /* MenuContent.swift in Sources */ = {isa = PBXBuildFile; fileRef = 1396C2852593D9A0007442C1 /* MenuContent.swift */; };
		1396C2892593DAA9007442C1 /* SideMenu.swift in Sources */ = {isa = PBXBuildFile; fileRef = 1396C2882593DAA9007442C1 /* SideMenu.swift */; };
/* End PBXBuildFile section */

/* Begin PBXFileReference section */
		1396C2652593D798007442C1 /* Logging.app */ = {isa = PBXFileReference; explicitFileType = wrapper.application; includeInIndex = 0; path = Logging.app; sourceTree = BUILT_PRODUCTS_DIR; };
		1396C2682593D798007442C1 /* LoggingApp.swift */ = {isa = PBXFileReference; lastKnownFileType = sourcecode.swift; path = LoggingApp.swift; sourceTree = "<group>"; };
		1396C26A2593D798007442C1 /* ContentView.swift */ = {isa = PBXFileReference; lastKnownFileType = sourcecode.swift; path = ContentView.swift; sourceTree = "<group>"; };
		1396C26C2593D79A007442C1 /* Assets.xcassets */ = {isa = PBXFileReference; lastKnownFileType = folder.assetcatalog; path = Assets.xcassets; sourceTree = "<group>"; };
		1396C26F2593D79A007442C1 /* Preview Assets.xcassets */ = {isa = PBXFileReference; lastKnownFileType = folder.assetcatalog; path = "Preview Assets.xcassets"; sourceTree = "<group>"; };
		1396C2712593D79A007442C1 /* Persistence.swift */ = {isa = PBXFileReference; lastKnownFileType = sourcecode.swift; path = Persistence.swift; sourceTree = "<group>"; };
		1396C2742593D79A007442C1 /* Logging.xcdatamodel */ = {isa = PBXFileReference; lastKnownFileType = wrapper.xcdatamodel; path = Logging.xcdatamodel; sourceTree = "<group>"; };
		1396C2762593D79A007442C1 /* Info.plist */ = {isa = PBXFileReference; lastKnownFileType = text.plist.xml; path = Info.plist; sourceTree = "<group>"; };
		1396C2812593D8F0007442C1 /* MainView.swift */ = {isa = PBXFileReference; lastKnownFileType = sourcecode.swift; path = MainView.swift; sourceTree = "<group>"; };
		1396C2852593D9A0007442C1 /* MenuContent.swift */ = {isa = PBXFileReference; lastKnownFileType = sourcecode.swift; path = MenuContent.swift; sourceTree = "<group>"; };
		1396C2882593DAA9007442C1 /* SideMenu.swift */ = {isa = PBXFileReference; lastKnownFileType = sourcecode.swift; path = SideMenu.swift; sourceTree = "<group>"; };
/* End PBXFileReference section */

/* Begin PBXFrameworksBuildPhase section */
		1396C2622593D798007442C1 /* Frameworks */ = {
			isa = PBXFrameworksBuildPhase;
			buildActionMask = 2147483647;
			files = (
			);
			runOnlyForDeploymentPostprocessing = 0;
		};
/* End PBXFrameworksBuildPhase section */

/* Begin PBXGroup section */
		1396C25C2593D798007442C1 = {
			isa = PBXGroup;
			children = (
				1396C2672593D798007442C1 /* Logging */,
				1396C2662593D798007442C1 /* Products */,
			);
			sourceTree = "<group>";
		};
		1396C2662593D798007442C1 /* Products */ = {
			isa = PBXGroup;
			children = (
				1396C2652593D798007442C1 /* Logging.app */,
			);
			name = Products;
			sourceTree = "<group>";
		};
		1396C2672593D798007442C1 /* Logging */ = {
			isa = PBXGroup;
			children = (
				1396C2802593D897007442C1 /* Model */,
				1396C27F2593D88E007442C1 /* Data */,
				1396C27E2593D883007442C1 /* View */,
				1396C27D2593D878007442C1 /* App */,
				1396C26C2593D79A007442C1 /* Assets.xcassets */,
				1396C2712593D79A007442C1 /* Persistence.swift */,
				1396C2762593D79A007442C1 /* Info.plist */,
				1396C2732593D79A007442C1 /* Logging.xcdatamodeld */,
				1396C26E2593D79A007442C1 /* Preview Content */,
			);
			path = Logging;
			sourceTree = "<group>";
		};
		1396C26E2593D79A007442C1 /* Preview Content */ = {
			isa = PBXGroup;
			children = (
				1396C26F2593D79A007442C1 /* Preview Assets.xcassets */,
			);
			path = "Preview Content";
			sourceTree = "<group>";
		};
		1396C27D2593D878007442C1 /* App */ = {
			isa = PBXGroup;
			children = (
				1396C2682593D798007442C1 /* LoggingApp.swift */,
				1396C26A2593D798007442C1 /* ContentView.swift */,
			);
			path = App;
			sourceTree = "<group>";
		};
		1396C27E2593D883007442C1 /* View */ = {
			isa = PBXGroup;
			children = (
				1396C2852593D9A0007442C1 /* MenuContent.swift */,
				1396C2812593D8F0007442C1 /* MainView.swift */,
				1396C2882593DAA9007442C1 /* SideMenu.swift */,
			);
			path = View;
			sourceTree = "<group>";
		};
		1396C27F2593D88E007442C1 /* Data */ = {
			isa = PBXGroup;
			children = (
			);
			path = Data;
			sourceTree = "<group>";
		};
		1396C2802593D897007442C1 /* Model */ = {
			isa = PBXGroup;
			children = (
			);
			path = Model;
			sourceTree = "<group>";
		};
/* End PBXGroup section */

/* Begin PBXNativeTarget section */
		1396C2642593D798007442C1 /* Logging */ = {
			isa = PBXNativeTarget;
			buildConfigurationList = 1396C2792593D79A007442C1 /* Build configuration list for PBXNativeTarget "Logging" */;
			buildPhases = (
				1396C2612593D798007442C1 /* Sources */,
				1396C2622593D798007442C1 /* Frameworks */,
				1396C2632593D798007442C1 /* Resources */,
			);
			buildRules = (
			);
			dependencies = (
			);
			name = Logging;
			productName = Logging;
			productReference = 1396C2652593D798007442C1 /* Logging.app */;
			productType = "com.apple.product-type.application";
		};
/* End PBXNativeTarget section */

/* Begin PBXProject section */
		1396C25D2593D798007442C1 /* Project object */ = {
			isa = PBXProject;
			attributes = {
				LastSwiftUpdateCheck = 1230;
				LastUpgradeCheck = 1230;
				TargetAttributes = {
					1396C2642593D798007442C1 = {
						CreatedOnToolsVersion = 12.3;
					};
				};
			};
			buildConfigurationList = 1396C2602593D798007442C1 /* Build configuration list for PBXProject "Logging" */;
			compatibilityVersion = "Xcode 9.3";
			developmentRegion = en;
			hasScannedForEncodings = 0;
			knownRegions = (
				en,
				Base,
			);
			mainGroup = 1396C25C2593D798007442C1;
			productRefGroup = 1396C2662593D798007442C1 /* Products */;
			projectDirPath = "";
			projectRoot = "";
			targets = (
				1396C2642593D798007442C1 /* Logging */,
			);
		};
/* End PBXProject section */

/* Begin PBXResourcesBuildPhase section */
		1396C2632593D798007442C1 /* Resources */ = {
			isa = PBXResourcesBuildPhase;
			buildActionMask = 2147483647;
			files = (
				1396C2702593D79A007442C1 /* Preview Assets.xcassets in Resources */,
				1396C26D2593D79A007442C1 /* Assets.xcassets in Resources */,
			);
			runOnlyForDeploymentPostprocessing = 0;
		};
/* End PBXResourcesBuildPhase section */

/* Begin PBXSourcesBuildPhase section */
		1396C2612593D798007442C1 /* Sources */ = {
			isa = PBXSourcesBuildPhase;
			buildActionMask = 2147483647;
			files = (
				1396C2722593D79A007442C1 /* Persistence.swift in Sources */,
				1396C26B2593D798007442C1 /* ContentView.swift in Sources */,
				1396C2692593D798007442C1 /* LoggingApp.swift in Sources */,
				1396C2892593DAA9007442C1 /* SideMenu.swift in Sources */,
				1396C2822593D8F0007442C1 /* MainView.swift in Sources */,
				1396C2862593D9A0007442C1 /* MenuContent.swift in Sources */,
				1396C2752593D79A007442C1 /* Logging.xcdatamodeld in Sources */,
			);
			runOnlyForDeploymentPostprocessing = 0;
		};
/* End PBXSourcesBuildPhase section */

/* Begin XCBuildConfiguration section */
		1396C2772593D79A007442C1 /* Debug */ = {
			isa = XCBuildConfiguration;
			buildSettings = {
				ALWAYS_SEARCH_USER_PATHS = NO;
				CLANG_ANALYZER_NONNULL = YES;
				CLANG_ANALYZER_NUMBER_OBJECT_CONVERSION = YES_AGGRESSIVE;
				CLANG_CXX_LANGUAGE_STANDARD = "gnu++14";
				CLANG_CXX_LIBRARY = "libc++";
				CLANG_ENABLE_MODULES = YES;
				CLANG_ENABLE_OBJC_ARC = YES;
				CLANG_ENABLE_OBJC_WEAK = YES;
				CLANG_WARN_BLOCK_CAPTURE_AUTORELEASING = YES;
				CLANG_WARN_BOOL_CONVERSION = YES;
				CLANG_WARN_COMMA = YES;
				CLANG_WARN_CONSTANT_CONVERSION = YES;
				CLANG_WARN_DEPRECATED_OBJC_IMPLEMENTATIONS = YES;
				CLANG_WARN_DIRECT_OBJC_ISA_USAGE = YES_ERROR;
				CLANG_WARN_DOCUMENTATION_COMMENTS = YES;
				CLANG_WARN_EMPTY_BODY = YES;
				CLANG_WARN_ENUM_CONVERSION = YES;
				CLANG_WARN_INFINITE_RECURSION = YES;
				CLANG_WARN_INT_CONVERSION = YES;
				CLANG_WARN_NON_LITERAL_NULL_CONVERSION = YES;
				CLANG_WARN_OBJC_IMPLICIT_RETAIN_SELF = YES;
				CLANG_WARN_OBJC_LITERAL_CONVERSION = YES;
				CLANG_WARN_OBJC_ROOT_CLASS = YES_ERROR;
				CLANG_WARN_QUOTED_INCLUDE_IN_FRAMEWORK_HEADER = YES;
				CLANG_WARN_RANGE_LOOP_ANALYSIS = YES;
				CLANG_WARN_STRICT_PROTOTYPES = YES;
				CLANG_WARN_SUSPICIOUS_MOVE = YES;
				CLANG_WARN_UNGUARDED_AVAILABILITY = YES_AGGRESSIVE;
				CLANG_WARN_UNREACHABLE_CODE = YES;
				CLANG_WARN__DUPLICATE_METHOD_MATCH = YES;
				COPY_PHASE_STRIP = NO;
				DEBUG_INFORMATION_FORMAT = dwarf;
				ENABLE_STRICT_OBJC_MSGSEND = YES;
				ENABLE_TESTABILITY = YES;
				GCC_C_LANGUAGE_STANDARD = gnu11;
				GCC_DYNAMIC_NO_PIC = NO;
				GCC_NO_COMMON_BLOCKS = YES;
				GCC_OPTIMIZATION_LEVEL = 0;
				GCC_PREPROCESSOR_DEFINITIONS = (
					"DEBUG=1",
					"$(inherited)",
				);
				GCC_WARN_64_TO_32_BIT_CONVERSION = YES;
				GCC_WARN_ABOUT_RETURN_TYPE = YES_ERROR;
				GCC_WARN_UNDECLARED_SELECTOR = YES;
				GCC_WARN_UNINITIALIZED_AUTOS = YES_AGGRESSIVE;
				GCC_WARN_UNUSED_FUNCTION = YES;
				GCC_WARN_UNUSED_VARIABLE = YES;
				IPHONEOS_DEPLOYMENT_TARGET = 14.3;
				MTL_ENABLE_DEBUG_INFO = INCLUDE_SOURCE;
				MTL_FAST_MATH = YES;
				ONLY_ACTIVE_ARCH = YES;
				SDKROOT = iphoneos;
				SWIFT_ACTIVE_COMPILATION_CONDITIONS = DEBUG;
				SWIFT_OPTIMIZATION_LEVEL = "-Onone";
			};
			name = Debug;
		};
		1396C2782593D79A007442C1 /* Release */ = {
			isa = XCBuildConfiguration;
			buildSettings = {
				ALWAYS_SEARCH_USER_PATHS = NO;
				CLANG_ANALYZER_NONNULL = YES;
				CLANG_ANALYZER_NUMBER_OBJECT_CONVERSION = YES_AGGRESSIVE;
				CLANG_CXX_LANGUAGE_STANDARD = "gnu++14";
				CLANG_CXX_LIBRARY = "libc++";
				CLANG_ENABLE_MODULES = YES;
				CLANG_ENABLE_OBJC_ARC = YES;
				CLANG_ENABLE_OBJC_WEAK = YES;
				CLANG_WARN_BLOCK_CAPTURE_AUTORELEASING = YES;
				CLANG_WARN_BOOL_CONVERSION = YES;
				CLANG_WARN_COMMA = YES;
				CLANG_WARN_CONSTANT_CONVERSION = YES;
				CLANG_WARN_DEPRECATED_OBJC_IMPLEMENTATIONS = YES;
				CLANG_WARN_DIRECT_OBJC_ISA_USAGE = YES_ERROR;
				CLANG_WARN_DOCUMENTATION_COMMENTS = YES;
				CLANG_WARN_EMPTY_BODY = YES;
				CLANG_WARN_ENUM_CONVERSION = YES;
				CLANG_WARN_INFINITE_RECURSION = YES;
				CLANG_WARN_INT_CONVERSION = YES;
				CLANG_WARN_NON_LITERAL_NULL_CONVERSION = YES;
				CLANG_WARN_OBJC_IMPLICIT_RETAIN_SELF = YES;
				CLANG_WARN_OBJC_LITERAL_CONVERSION = YES;
				CLANG_WARN_OBJC_ROOT_CLASS = YES_ERROR;
				CLANG_WARN_QUOTED_INCLUDE_IN_FRAMEWORK_HEADER = YES;
				CLANG_WARN_RANGE_LOOP_ANALYSIS = YES;
				CLANG_WARN_STRICT_PROTOTYPES = YES;
				CLANG_WARN_SUSPICIOUS_MOVE = YES;
				CLANG_WARN_UNGUARDED_AVAILABILITY = YES_AGGRESSIVE;
				CLANG_WARN_UNREACHABLE_CODE = YES;
				CLANG_WARN__DUPLICATE_METHOD_MATCH = YES;
				COPY_PHASE_STRIP = NO;
				DEBUG_INFORMATION_FORMAT = "dwarf-with-dsym";
				ENABLE_NS_ASSERTIONS = NO;
				ENABLE_STRICT_OBJC_MSGSEND = YES;
				GCC_C_LANGUAGE_STANDARD = gnu11;
				GCC_NO_COMMON_BLOCKS = YES;
				GCC_WARN_64_TO_32_BIT_CONVERSION = YES;
				GCC_WARN_ABOUT_RETURN_TYPE = YES_ERROR;
				GCC_WARN_UNDECLARED_SELECTOR = YES;
				GCC_WARN_UNINITIALIZED_AUTOS = YES_AGGRESSIVE;
				GCC_WARN_UNUSED_FUNCTION = YES;
				GCC_WARN_UNUSED_VARIABLE = YES;
				IPHONEOS_DEPLOYMENT_TARGET = 14.3;
				MTL_ENABLE_DEBUG_INFO = NO;
				MTL_FAST_MATH = YES;
				SDKROOT = iphoneos;
				SWIFT_COMPILATION_MODE = wholemodule;
				SWIFT_OPTIMIZATION_LEVEL = "-O";
				VALIDATE_PRODUCT = YES;
			};
			name = Release;
		};
		1396C27A2593D79A007442C1 /* Debug */ = {
			isa = XCBuildConfiguration;
			buildSettings = {
				ASSETCATALOG_COMPILER_APPICON_NAME = AppIcon;
				ASSETCATALOG_COMPILER_GLOBAL_ACCENT_COLOR_NAME = AccentColor;
				CODE_SIGN_STYLE = Automatic;
				DEVELOPMENT_ASSET_PATHS = "\"Logging/Preview Content\"";
				DEVELOPMENT_TEAM = RQ9T47YT3S;
				ENABLE_PREVIEWS = YES;
				INFOPLIST_FILE = Logging/Info.plist;
				IPHONEOS_DEPLOYMENT_TARGET = 14.0;
				LD_RUNPATH_SEARCH_PATHS = (
					"$(inherited)",
					"@executable_path/Frameworks",
				);
				PRODUCT_BUNDLE_IDENTIFIER = mil.airmencoders.logging2.Logging;
				PRODUCT_NAME = "$(TARGET_NAME)";
				SWIFT_VERSION = 5.0;
				TARGETED_DEVICE_FAMILY = "1,2";
			};
			name = Debug;
		};
		1396C27B2593D79A007442C1 /* Release */ = {
			isa = XCBuildConfiguration;
			buildSettings = {
				ASSETCATALOG_COMPILER_APPICON_NAME = AppIcon;
				ASSETCATALOG_COMPILER_GLOBAL_ACCENT_COLOR_NAME = AccentColor;
				CODE_SIGN_STYLE = Automatic;
				DEVELOPMENT_ASSET_PATHS = "\"Logging/Preview Content\"";
				DEVELOPMENT_TEAM = RQ9T47YT3S;
				ENABLE_PREVIEWS = YES;
				INFOPLIST_FILE = Logging/Info.plist;
				IPHONEOS_DEPLOYMENT_TARGET = 14.0;
				LD_RUNPATH_SEARCH_PATHS = (
					"$(inherited)",
					"@executable_path/Frameworks",
				);
				PRODUCT_BUNDLE_IDENTIFIER = mil.airmencoders.logging2.Logging;
				PRODUCT_NAME = "$(TARGET_NAME)";
				SWIFT_VERSION = 5.0;
				TARGETED_DEVICE_FAMILY = "1,2";
			};
			name = Release;
		};
/* End XCBuildConfiguration section */

/* Begin XCConfigurationList section */
		1396C2602593D798007442C1 /* Build configuration list for PBXProject "Logging" */ = {
			isa = XCConfigurationList;
			buildConfigurations = (
				1396C2772593D79A007442C1 /* Debug */,
				1396C2782593D79A007442C1 /* Release */,
			);
			defaultConfigurationIsVisible = 0;
			defaultConfigurationName = Release;
		};
		1396C2792593D79A007442C1 /* Build configuration list for PBXNativeTarget "Logging" */ = {
			isa = XCConfigurationList;
			buildConfigurations = (
				1396C27A2593D79A007442C1 /* Debug */,
				1396C27B2593D79A007442C1 /* Release */,
			);
			defaultConfigurationIsVisible = 0;
			defaultConfigurationName = Release;
		};
/* End XCConfigurationList section */

/* Begin XCVersionGroup section */
		1396C2732593D79A007442C1 /* Logging.xcdatamodeld */ = {
			isa = XCVersionGroup;
			children = (
				1396C2742593D79A007442C1 /* Logging.xcdatamodel */,
			);
			currentVersion = 1396C2742593D79A007442C1 /* Logging.xcdatamodel */;
			path = Logging.xcdatamodeld;
			sourceTree = "<group>";
			versionGroupType = wrapper.xcdatamodel;
		};
/* End XCVersionGroup section */
	};
	rootObject = 1396C25D2593D798007442C1 /* Project object */;
}
